
Microsoft Visual Studio Solution File, Format Version 12.00
# Visual Studio Version 17
VisualStudioVersion = 17.2.32519.379
MinimumVisualStudioVersion = 10.0.40219.1
Project("{FAE04EC0-301F-11D3-BF4B-00C04F79EFBC}") = "pryComettoSP2_2", "pryComettoSP2_2\pryComettoSP2_2.csproj", "{E08242EA-7FB9-46B2-B3C1-79B73A5DB3A0}"
EndProject
Global
	GlobalSection(SolutionConfigurationPlatforms) = preSolution
		Debug|Any CPU = Debug|Any CPU
		Release|Any CPU = Release|Any CPU
	EndGlobalSection
	GlobalSection(ProjectConfigurationPlatforms) = postSolution
		{E08242EA-7FB9-46B2-B3C1-79B73A5DB3A0}.Debug|Any CPU.ActiveCfg = Debug|Any CPU
		{E08242EA-7FB9-46B2-B3C1-79B73A5DB3A0}.Debug|Any CPU.Build.0 = Debug|Any CPU
		{E08242EA-7FB9-46B2-B3C1-79B73A5DB3A0}.Release|Any CPU.ActiveCfg = Release|Any CPU
		{E08242EA-7FB9-46B2-B3C1-79B73A5DB3A0}.Release|Any CPU.Build.0 = Release|Any CPU
	EndGlobalSection
	GlobalSection(SolutionProperties) = preSolution
		HideSolutionNode = FALSE
	EndGlobalSection
	GlobalSection(ExtensibilityGlobals) = postSolution
		SolutionGuid = {722B80C5-4A53-4F16-89FF-505525F1A864}
	EndGlobalSection
EndGlobal
